
Microsoft Visual Studio Solution File, Format Version 12.00
# Visual Studio Version 17
VisualStudioVersion = 17.11.35303.130
MinimumVisualStudioVersion = 10.0.40219.1
Project("{FAE04EC0-301F-11D3-BF4B-00C04F79EFBC}") = "Inschrijvingsgeld", "Inschrijvingsgeld\Inschrijvingsgeld.csproj", "{2AF76422-4ECE-42C5-B82C-31BADAD0E50E}"
EndProject
Global
	GlobalSection(SolutionConfigurationPlatforms) = preSolution
		Debug|Any CPU = Debug|Any CPU
		Release|Any CPU = Release|Any CPU
	EndGlobalSection
	GlobalSection(ProjectConfigurationPlatforms) = postSolution
		{2AF76422-4ECE-42C5-B82C-31BADAD0E50E}.Debug|Any CPU.ActiveCfg = Debug|Any CPU
		{2AF76422-4ECE-42C5-B82C-31BADAD0E50E}.Debug|Any CPU.Build.0 = Debug|Any CPU
		{2AF76422-4ECE-42C5-B82C-31BADAD0E50E}.Release|Any CPU.ActiveCfg = Release|Any CPU
		{2AF76422-4ECE-42C5-B82C-31BADAD0E50E}.Release|Any CPU.Build.0 = Release|Any CPU
	EndGlobalSection
	GlobalSection(SolutionProperties) = preSolution
		HideSolutionNode = FALSE
	EndGlobalSection
	GlobalSection(ExtensibilityGlobals) = postSolution
		SolutionGuid = {9A27B164-541A-4EBE-9FD7-FF027F28B78D}
	EndGlobalSection
EndGlobal
